<?xml version="1.0" encoding="UTF-8" standalone="yes" ?>
<CodeBlocks_project_file>
	<FileVersion major="1" minor="6" />
	<Project>
		<Option title="SDL-Cannon-Simulation" />
		<Option makefile="../Makefile" />
		<Option pch_mode="2" />
		<Option compiler="gcc" />
		<Build>
			<Target title="Debug-Windows">
				<Option platforms="Windows;" />
				<Option output="../Cannon-PRIVATE" prefix_auto="1" extension_auto="1" />
				<Option working_dir="../" />
				<Option object_output="obj/Debug/" />
				<Option type="1" />
				<Option compiler="gcc" />
				<Compiler>
					<Add option="-std=c++11" />
					<Add option="-Wextra" />
					<Add option="-Wall" />
					<Add option="-pg" />
					<Add option="-g" />
					<Add option="-DDEFINED_BUILD_MODE_PRIVATE" />
					<Add directory="src/" />
				</Compiler>
				<Linker>
					<Add option="-pg -lgmon" />
					<Add library="mingw32" />
					<Add library="SDL2main" />
					<Add library="SDL2" />
					<Add library="SDL2_image" />
				</Linker>
				<Environment>
					<Variable name="BUILD_MODE" value="-DDEFINED_BUILD_MODE_PRIVATE" />
				</Environment>
			</Target>
			<Target title="Release-Windows">
				<Option platforms="Windows;" />
				<Option output="../Cannon" prefix_auto="1" extension_auto="1" />
				<Option working_dir="../" />
				<Option object_output="obj/Release/" />
				<Option type="1" />
				<Option compiler="gcc" />
				<Compiler>
					<Add option="-Os" />
					<Add option="-std=c++11" />
					<Add option="-w" />
					<Add directory="src/" />
				</Compiler>
				<Linker>
					<Add option="-s" />
					<Add library="mingw32" />
					<Add library="SDL2main" />
					<Add library="SDL2" />
					<Add library="SDL2_image" />
				</Linker>
				<Environment>
					<Variable name="BUILD_MODE" value="" />
				</Environment>
			</Target>
			<Target title="Debug-Linux">
				<Option platforms="Unix;" />
				<Option output="../Cannon-PRIVATE" prefix_auto="1" extension_auto="1" />
				<Option working_dir="../" />
				<Option object_output="obj/Debug/" />
				<Option type="1" />
				<Option compiler="gcc" />
				<Compiler>
					<Add option="-std=c++11" />
					<Add option="-Wextra" />
					<Add option="-Wall" />
					<Add option="-pg" />
					<Add option="-g" />
					<Add option="-DDEFINED_BUILD_MODE_PRIVATE" />
					<Add directory="src/" />
				</Compiler>
				<Linker>
					<Add option="-pg" />
					<Add library="SDL2main" />
					<Add library="SDL2" />
					<Add library="SDL2_image" />
				</Linker>
				<Environment>
					<Variable name="BUILD_MODE" value="-DDEFINED_BUILD_MODE_PRIVATE" />
				</Environment>
			</Target>
			<Target title="Release-Linux">
				<Option platforms="Unix;" />
				<Option output="../Cannon" prefix_auto="1" extension_auto="1" />
				<Option working_dir="../" />
				<Option object_output="obj/Release/" />
				<Option type="1" />
				<Option compiler="gcc" />
				<Compiler>
					<Add option="-Os" />
					<Add option="-std=c++11" />
					<Add option="-w" />
					<Add directory="src/" />
				</Compiler>
				<Linker>
					<Add option="-s" />
					<Add library="SDL2main" />
					<Add library="SDL2" />
					<Add library="SDL2_image" />
				</Linker>
				<Environment>
					<Variable name="BUILD_MODE" value="" />
				</Environment>
			</Target>
		</Build>
		<Compiler>
			<Add option="-std=c++11" />
			<Add option="-Wno-write-strings" />
			<Add directory="C:/MinGW/SDL2-2.0.4/i686-w64-mingw32/include" />
			<Add directory="../SDL2Stuff/include" />
		</Compiler>
		<Linker>
			<Add directory="C:/MinGW/SDL2-2.0.4/i686-w64-mingw32/lib" />
			<Add directory="../SDL2Stuff/lib" />
		</Linker>
		<Unit filename="../README.md">
			<Option target="Debug-Windows" />
			<Option target="Release-Windows" />
		</Unit>
		<Unit filename="../res/boilerplate.rc">
			<Option compilerVar="WINDRES" />
			<Option weight="98" />
			<Option compiler="gcc" use="1" buildCommand="$rescomp $file $(BUILD_MODE) -O coff $resource_output" />
			<Option target="Debug-Windows" />
			<Option target="Release-Windows" />
		</Unit>
		<Unit filename="../src/cannonball.cpp" />
		<Unit filename="../src/cannonball.h" />
		<Unit filename="../src/config.cpp" />
		<Unit filename="../src/config.h" />
		<Unit filename="../src/global.h" />
		<Unit filename="../src/image_ball.xpm" />
		<Unit filename="../src/image_pixel.xpm" />
		<Unit filename="../src/main.cpp" />
		<Unit filename="../src/screen.cpp" />
		<Unit filename="../src/screen.h" />
		<Unit filename="../src/tick.cpp" />
		<Unit filename="../src/tick.h" />
		<Unit filename="../src/version.h" />
		<Extensions>
			<code_completion />
			<envvars />
			<debugger />
			<lib_finder disable_auto="1" />
			<DoxyBlocks>
				<comment_style block="5" line="0" />
				<doxyfile_project project_number="v1.2.5" />
				<doxyfile_build extract_all="1" />
				<doxyfile_warnings />
				<doxyfile_output />
				<doxyfile_dot class_diagrams="1" />
				<general use_at_in_tags="1" />
			</DoxyBlocks>
		</Extensions>
	</Project>
</CodeBlocks_project_file>
